
Microsoft Visual Studio Solution File, Format Version 12.00
# Visual Studio 14
VisualStudioVersion = 14.0.25420.1
MinimumVisualStudioVersion = 10.0.40219.1
Project("{2150E333-8FDC-42A3-9474-1A3956D46DE8}") = "HJCCL.Utils", "HJCCL.Utils", "{730D84A8-9154-419A-BE09-060F8EAB8DFC}"
EndProject
Project("{FAE04EC0-301F-11D3-BF4B-00C04F79EFBC}") = "HJCCL.Utils", "HJCCL.Utils\HJCCL.Utils.csproj", "{C82B20A6-CB35-47C7-ACF8-489385683D56}"
EndProject
Project("{2150E333-8FDC-42A3-9474-1A3956D46DE8}") = "HJCCL.Pay", "HJCCL.Pay", "{6190B27F-FB0B-4D5C-AF37-D6F4B62962C5}"
EndProject
Project("{2150E333-8FDC-42A3-9474-1A3956D46DE8}") = "HJCCL.Services", "HJCCL.Services", "{CE65B9FA-70F7-4AA5-82F0-E0AC750640DC}"
EndProject
Project("{FAE04EC0-301F-11D3-BF4B-00C04F79EFBC}") = "HJCCL.Services", "HJCCL.Services\HJCCL.Services.csproj", "{45CCBC8C-B71F-45E8-A4AF-CF4471B987E1}"
EndProject
Project("{FAE04EC0-301F-11D3-BF4B-00C04F79EFBC}") = "HJCCL.Pay", "HJCCL.Pay\HJCCL.Pay.csproj", "{D8693239-B915-447E-B1E5-485868E8F9D8}"
EndProject
Global
	GlobalSection(SolutionConfigurationPlatforms) = preSolution
		Debug|Any CPU = Debug|Any CPU
		Release|Any CPU = Release|Any CPU
	EndGlobalSection
	GlobalSection(ProjectConfigurationPlatforms) = postSolution
		{C82B20A6-CB35-47C7-ACF8-489385683D56}.Debug|Any CPU.ActiveCfg = Debug|Any CPU
		{C82B20A6-CB35-47C7-ACF8-489385683D56}.Debug|Any CPU.Build.0 = Debug|Any CPU
		{C82B20A6-CB35-47C7-ACF8-489385683D56}.Release|Any CPU.ActiveCfg = Release|Any CPU
		{C82B20A6-CB35-47C7-ACF8-489385683D56}.Release|Any CPU.Build.0 = Release|Any CPU
		{45CCBC8C-B71F-45E8-A4AF-CF4471B987E1}.Debug|Any CPU.ActiveCfg = Debug|Any CPU
		{45CCBC8C-B71F-45E8-A4AF-CF4471B987E1}.Debug|Any CPU.Build.0 = Debug|Any CPU
		{45CCBC8C-B71F-45E8-A4AF-CF4471B987E1}.Release|Any CPU.ActiveCfg = Release|Any CPU
		{45CCBC8C-B71F-45E8-A4AF-CF4471B987E1}.Release|Any CPU.Build.0 = Release|Any CPU
		{D8693239-B915-447E-B1E5-485868E8F9D8}.Debug|Any CPU.ActiveCfg = Debug|Any CPU
		{D8693239-B915-447E-B1E5-485868E8F9D8}.Debug|Any CPU.Build.0 = Debug|Any CPU
		{D8693239-B915-447E-B1E5-485868E8F9D8}.Release|Any CPU.ActiveCfg = Release|Any CPU
		{D8693239-B915-447E-B1E5-485868E8F9D8}.Release|Any CPU.Build.0 = Release|Any CPU
	EndGlobalSection
	GlobalSection(SolutionProperties) = preSolution
		HideSolutionNode = FALSE
	EndGlobalSection
	GlobalSection(NestedProjects) = preSolution
		{C82B20A6-CB35-47C7-ACF8-489385683D56} = {730D84A8-9154-419A-BE09-060F8EAB8DFC}
		{45CCBC8C-B71F-45E8-A4AF-CF4471B987E1} = {CE65B9FA-70F7-4AA5-82F0-E0AC750640DC}
		{D8693239-B915-447E-B1E5-485868E8F9D8} = {6190B27F-FB0B-4D5C-AF37-D6F4B62962C5}
	EndGlobalSection
EndGlobal
